{
  "pins" : [
    {
      "identity" : "snapkit",
      "kind" : "remoteSourceControl",
      "location" : "https://github.com/SnapKit/SnapKit",
      "state" : {
        "revision" : "f222cbdf325885926566172f6f5f06af95473158",
        "version" : "5.6.0"
      }
    },
    {
      "identity" : "tconfigurator",
      "kind" : "remoteSourceControl",
      "location" : "https://github.com/abdula571/tconfigurator",
      "state" : {
        "branch" : "main",
        "revision" : "88d1133e403d2bb09a37dce98d694fa716761b1f"
      }
    }
  ],
  "version" : 2
}
